{
  "object": {
    "pins": [
      {
        "package": "iGeometry",
        "repositoryURL": "https://github.com/Aurorin-CAD/iGeometry",
        "state": {
          "branch": null,
          "revision": "12726810db407c773fb9dc309bbff3ac316ba6f8",
          "version": null
        }
      }
    ]
  },
  "version": 1
}
